// !$*UTF8*$!
{
	archiveVersion = 1;
	classes = {
	};
	objectVersion = 56;
	objects = {

/* Begin PBXBuildFile section */
		00CE03BC2ADFD146008268AF /* AppDelegate.swift in Sources */ = {isa = PBXBuildFile; fileRef = 00CE03BB2ADFD146008268AF /* AppDelegate.swift */; };
		00CE03BE2ADFD146008268AF /* SceneDelegate.swift in Sources */ = {isa = PBXBuildFile; fileRef = 00CE03BD2ADFD146008268AF /* SceneDelegate.swift */; };
		00CE03C32ADFD146008268AF /* Main.storyboard in Resources */ = {isa = PBXBuildFile; fileRef = 00CE03C12ADFD146008268AF /* Main.storyboard */; };
		00CE03C52ADFD147008268AF /* Assets.xcassets in Resources */ = {isa = PBXBuildFile; fileRef = 00CE03C42ADFD147008268AF /* Assets.xcassets */; };
		00CE03C82ADFD147008268AF /* LaunchScreen.storyboard in Resources */ = {isa = PBXBuildFile; fileRef = 00CE03C62ADFD147008268AF /* LaunchScreen.storyboard */; };
		00CE03D22ADFD1F9008268AF /* Bond.swift in Sources */ = {isa = PBXBuildFile; fileRef = 00CE03D12ADFD1F9008268AF /* Bond.swift */; };
		00CE03D52ADFD27F008268AF /* Endpoints.swift in Sources */ = {isa = PBXBuildFile; fileRef = 00CE03D42ADFD27F008268AF /* Endpoints.swift */; };
		00CE03D72ADFD29D008268AF /* NetworkManager.swift in Sources */ = {isa = PBXBuildFile; fileRef = 00CE03D62ADFD29D008268AF /* NetworkManager.swift */; };
		00CE03DA2ADFD338008268AF /* BondsListViewController.swift in Sources */ = {isa = PBXBuildFile; fileRef = 00CE03D92ADFD338008268AF /* BondsListViewController.swift */; };
		00CE03DC2ADFD47B008268AF /* BondsListViewModel.swift in Sources */ = {isa = PBXBuildFile; fileRef = 00CE03DB2ADFD47B008268AF /* BondsListViewModel.swift */; };
		00CE03E02ADFD506008268AF /* BondsListDataSource.swift in Sources */ = {isa = PBXBuildFile; fileRef = 00CE03DF2ADFD506008268AF /* BondsListDataSource.swift */; };
		00CE03E22ADFD6BD008268AF /* BondItemCell.swift in Sources */ = {isa = PBXBuildFile; fileRef = 00CE03E12ADFD6BD008268AF /* BondItemCell.swift */; };
		00CE03E42ADFD728008268AF /* BondItemCell.xib in Resources */ = {isa = PBXBuildFile; fileRef = 00CE03E32ADFD728008268AF /* BondItemCell.xib */; };
		00CE03E72ADFDF47008268AF /* Extensions.swift in Sources */ = {isa = PBXBuildFile; fileRef = 00CE03E62ADFDF47008268AF /* Extensions.swift */; };
		00CE03EB2ADFE206008268AF /* HeaderCell.swift in Sources */ = {isa = PBXBuildFile; fileRef = 00CE03E92ADFE206008268AF /* HeaderCell.swift */; };
		00CE03EC2ADFE206008268AF /* HeaderCell.xib in Resources */ = {isa = PBXBuildFile; fileRef = 00CE03EA2ADFE206008268AF /* HeaderCell.xib */; };
		00CE03F02ADFE52A008268AF /* Colors.xcassets in Resources */ = {isa = PBXBuildFile; fileRef = 00CE03EF2ADFE52A008268AF /* Colors.xcassets */; };
/* End PBXBuildFile section */

/* Begin PBXFileReference section */
		00CE03B82ADFD146008268AF /* WintWealthTask.app */ = {isa = PBXFileReference; explicitFileType = wrapper.application; includeInIndex = 0; path = WintWealthTask.app; sourceTree = BUILT_PRODUCTS_DIR; };
		00CE03BB2ADFD146008268AF /* AppDelegate.swift */ = {isa = PBXFileReference; lastKnownFileType = sourcecode.swift; path = AppDelegate.swift; sourceTree = "<group>"; };
		00CE03BD2ADFD146008268AF /* SceneDelegate.swift */ = {isa = PBXFileReference; lastKnownFileType = sourcecode.swift; path = SceneDelegate.swift; sourceTree = "<group>"; };
		00CE03C22ADFD146008268AF /* Base */ = {isa = PBXFileReference; lastKnownFileType = file.storyboard; name = Base; path = Base.lproj/Main.storyboard; sourceTree = "<group>"; };
		00CE03C42ADFD147008268AF /* Assets.xcassets */ = {isa = PBXFileReference; lastKnownFileType = folder.assetcatalog; path = Assets.xcassets; sourceTree = "<group>"; };
		00CE03C72ADFD147008268AF /* Base */ = {isa = PBXFileReference; lastKnownFileType = file.storyboard; name = Base; path = Base.lproj/LaunchScreen.storyboard; sourceTree = "<group>"; };
		00CE03C92ADFD147008268AF /* Info.plist */ = {isa = PBXFileReference; lastKnownFileType = text.plist.xml; path = Info.plist; sourceTree = "<group>"; };
		00CE03D12ADFD1F9008268AF /* Bond.swift */ = {isa = PBXFileReference; lastKnownFileType = sourcecode.swift; path = Bond.swift; sourceTree = "<group>"; };
		00CE03D42ADFD27F008268AF /* Endpoints.swift */ = {isa = PBXFileReference; lastKnownFileType = sourcecode.swift; path = Endpoints.swift; sourceTree = "<group>"; };
		00CE03D62ADFD29D008268AF /* NetworkManager.swift */ = {isa = PBXFileReference; lastKnownFileType = sourcecode.swift; path = NetworkManager.swift; sourceTree = "<group>"; };
		00CE03D92ADFD338008268AF /* BondsListViewController.swift */ = {isa = PBXFileReference; lastKnownFileType = sourcecode.swift; path = BondsListViewController.swift; sourceTree = "<group>"; };
		00CE03DB2ADFD47B008268AF /* BondsListViewModel.swift */ = {isa = PBXFileReference; lastKnownFileType = sourcecode.swift; path = BondsListViewModel.swift; sourceTree = "<group>"; };
		00CE03DF2ADFD506008268AF /* BondsListDataSource.swift */ = {isa = PBXFileReference; lastKnownFileType = sourcecode.swift; path = BondsListDataSource.swift; sourceTree = "<group>"; };
		00CE03E12ADFD6BD008268AF /* BondItemCell.swift */ = {isa = PBXFileReference; lastKnownFileType = sourcecode.swift; path = BondItemCell.swift; sourceTree = "<group>"; };
		00CE03E32ADFD728008268AF /* BondItemCell.xib */ = {isa = PBXFileReference; lastKnownFileType = file.xib; path = BondItemCell.xib; sourceTree = "<group>"; };
		00CE03E62ADFDF47008268AF /* Extensions.swift */ = {isa = PBXFileReference; lastKnownFileType = sourcecode.swift; path = Extensions.swift; sourceTree = "<group>"; };
		00CE03E92ADFE206008268AF /* HeaderCell.swift */ = {isa = PBXFileReference; lastKnownFileType = sourcecode.swift; path = HeaderCell.swift; sourceTree = "<group>"; };
		00CE03EA2ADFE206008268AF /* HeaderCell.xib */ = {isa = PBXFileReference; lastKnownFileType = file.xib; path = HeaderCell.xib; sourceTree = "<group>"; };
		00CE03EF2ADFE52A008268AF /* Colors.xcassets */ = {isa = PBXFileReference; lastKnownFileType = folder.assetcatalog; path = Colors.xcassets; sourceTree = "<group>"; };
/* End PBXFileReference section */

/* Begin PBXFrameworksBuildPhase section */
		00CE03B52ADFD146008268AF /* Frameworks */ = {
			isa = PBXFrameworksBuildPhase;
			buildActionMask = 2147483647;
			files = (
			);
			runOnlyForDeploymentPostprocessing = 0;
		};
/* End PBXFrameworksBuildPhase section */

/* Begin PBXGroup section */
		00CE03AF2ADFD146008268AF = {
			isa = PBXGroup;
			children = (
				00CE03BA2ADFD146008268AF /* WintWealthTask */,
				00CE03B92ADFD146008268AF /* Products */,
			);
			sourceTree = "<group>";
		};
		00CE03B92ADFD146008268AF /* Products */ = {
			isa = PBXGroup;
			children = (
				00CE03B82ADFD146008268AF /* WintWealthTask.app */,
			);
			name = Products;
			sourceTree = "<group>";
		};
		00CE03BA2ADFD146008268AF /* WintWealthTask */ = {
			isa = PBXGroup;
			children = (
				00CE03D02ADFD1E5008268AF /* Storyboards */,
				00CE03D32ADFD1FE008268AF /* Models */,
				00CE03DD2ADFD4CB008268AF /* Views */,
				00CE03DE2ADFD4D6008268AF /* ViewModels */,
				00CE03D82ADFD2AF008268AF /* Networking */,
				00CE03E82ADFE139008268AF /* Helpers */,
				00CE03CF2ADFD189008268AF /* Resources */,
				00CE03C92ADFD147008268AF /* Info.plist */,
			);
			path = WintWealthTask;
			sourceTree = "<group>";
		};
		00CE03CF2ADFD189008268AF /* Resources */ = {
			isa = PBXGroup;
			children = (
				00CE03BB2ADFD146008268AF /* AppDelegate.swift */,
				00CE03BD2ADFD146008268AF /* SceneDelegate.swift */,
				00CE03C42ADFD147008268AF /* Assets.xcassets */,
				00CE03EF2ADFE52A008268AF /* Colors.xcassets */,
				00CE03C62ADFD147008268AF /* LaunchScreen.storyboard */,
			);
			path = Resources;
			sourceTree = "<group>";
		};
		00CE03D02ADFD1E5008268AF /* Storyboards */ = {
			isa = PBXGroup;
			children = (
				00CE03C12ADFD146008268AF /* Main.storyboard */,
			);
			path = Storyboards;
			sourceTree = "<group>";
		};
		00CE03D32ADFD1FE008268AF /* Models */ = {
			isa = PBXGroup;
			children = (
				00CE03D12ADFD1F9008268AF /* Bond.swift */,
			);
			path = Models;
			sourceTree = "<group>";
		};
		00CE03D82ADFD2AF008268AF /* Networking */ = {
			isa = PBXGroup;
			children = (
				00CE03D42ADFD27F008268AF /* Endpoints.swift */,
				00CE03D62ADFD29D008268AF /* NetworkManager.swift */,
			);
			path = Networking;
			sourceTree = "<group>";
		};
		00CE03DD2ADFD4CB008268AF /* Views */ = {
			isa = PBXGroup;
			children = (
				00CE03D92ADFD338008268AF /* BondsListViewController.swift */,
				00CE03DF2ADFD506008268AF /* BondsListDataSource.swift */,
				00CE03E52ADFD798008268AF /* Cells */,
			);
			path = Views;
			sourceTree = "<group>";
		};
		00CE03DE2ADFD4D6008268AF /* ViewModels */ = {
			isa = PBXGroup;
			children = (
				00CE03DB2ADFD47B008268AF /* BondsListViewModel.swift */,
			);
			path = ViewModels;
			sourceTree = "<group>";
		};
		00CE03E52ADFD798008268AF /* Cells */ = {
			isa = PBXGroup;
			children = (
				00CE03E32ADFD728008268AF /* BondItemCell.xib */,
				00CE03E12ADFD6BD008268AF /* BondItemCell.swift */,
				00CE03EA2ADFE206008268AF /* HeaderCell.xib */,
				00CE03E92ADFE206008268AF /* HeaderCell.swift */,
			);
			path = Cells;
			sourceTree = "<group>";
		};
		00CE03E82ADFE139008268AF /* Helpers */ = {
			isa = PBXGroup;
			children = (
				00CE03E62ADFDF47008268AF /* Extensions.swift */,
			);
			path = Helpers;
			sourceTree = "<group>";
		};
/* End PBXGroup section */

/* Begin PBXNativeTarget section */
		00CE03B72ADFD146008268AF /* WintWealthTask */ = {
			isa = PBXNativeTarget;
			buildConfigurationList = 00CE03CC2ADFD147008268AF /* Build configuration list for PBXNativeTarget "WintWealthTask" */;
			buildPhases = (
				00CE03B42ADFD146008268AF /* Sources */,
				00CE03B52ADFD146008268AF /* Frameworks */,
				00CE03B62ADFD146008268AF /* Resources */,
			);
			buildRules = (
			);
			dependencies = (
			);
			name = WintWealthTask;
			productName = WintWealthTask;
			productReference = 00CE03B82ADFD146008268AF /* WintWealthTask.app */;
			productType = "com.apple.product-type.application";
		};
/* End PBXNativeTarget section */

/* Begin PBXProject section */
		00CE03B02ADFD146008268AF /* Project object */ = {
			isa = PBXProject;
			attributes = {
				BuildIndependentTargetsInParallel = 1;
				LastSwiftUpdateCheck = 1430;
				LastUpgradeCheck = 1430;
				TargetAttributes = {
					00CE03B72ADFD146008268AF = {
						CreatedOnToolsVersion = 14.3.1;
					};
				};
			};
			buildConfigurationList = 00CE03B32ADFD146008268AF /* Build configuration list for PBXProject "WintWealthTask" */;
			compatibilityVersion = "Xcode 14.0";
			developmentRegion = en;
			hasScannedForEncodings = 0;
			knownRegions = (
				en,
				Base,
			);
			mainGroup = 00CE03AF2ADFD146008268AF;
			productRefGroup = 00CE03B92ADFD146008268AF /* Products */;
			projectDirPath = "";
			projectRoot = "";
			targets = (
				00CE03B72ADFD146008268AF /* WintWealthTask */,
			);
		};
/* End PBXProject section */

/* Begin PBXResourcesBuildPhase section */
		00CE03B62ADFD146008268AF /* Resources */ = {
			isa = PBXResourcesBuildPhase;
			buildActionMask = 2147483647;
			files = (
				00CE03EC2ADFE206008268AF /* HeaderCell.xib in Resources */,
				00CE03C82ADFD147008268AF /* LaunchScreen.storyboard in Resources */,
				00CE03C52ADFD147008268AF /* Assets.xcassets in Resources */,
				00CE03F02ADFE52A008268AF /* Colors.xcassets in Resources */,
				00CE03C32ADFD146008268AF /* Main.storyboard in Resources */,
				00CE03E42ADFD728008268AF /* BondItemCell.xib in Resources */,
			);
			runOnlyForDeploymentPostprocessing = 0;
		};
/* End PBXResourcesBuildPhase section */

/* Begin PBXSourcesBuildPhase section */
		00CE03B42ADFD146008268AF /* Sources */ = {
			isa = PBXSourcesBuildPhase;
			buildActionMask = 2147483647;
			files = (
				00CE03BC2ADFD146008268AF /* AppDelegate.swift in Sources */,
				00CE03E02ADFD506008268AF /* BondsListDataSource.swift in Sources */,
				00CE03BE2ADFD146008268AF /* SceneDelegate.swift in Sources */,
				00CE03E22ADFD6BD008268AF /* BondItemCell.swift in Sources */,
				00CE03D72ADFD29D008268AF /* NetworkManager.swift in Sources */,
				00CE03E72ADFDF47008268AF /* Extensions.swift in Sources */,
				00CE03D52ADFD27F008268AF /* Endpoints.swift in Sources */,
				00CE03D22ADFD1F9008268AF /* Bond.swift in Sources */,
				00CE03DC2ADFD47B008268AF /* BondsListViewModel.swift in Sources */,
				00CE03EB2ADFE206008268AF /* HeaderCell.swift in Sources */,
				00CE03DA2ADFD338008268AF /* BondsListViewController.swift in Sources */,
			);
			runOnlyForDeploymentPostprocessing = 0;
		};
/* End PBXSourcesBuildPhase section */

/* Begin PBXVariantGroup section */
		00CE03C12ADFD146008268AF /* Main.storyboard */ = {
			isa = PBXVariantGroup;
			children = (
				00CE03C22ADFD146008268AF /* Base */,
			);
			name = Main.storyboard;
			sourceTree = "<group>";
		};
		00CE03C62ADFD147008268AF /* LaunchScreen.storyboard */ = {
			isa = PBXVariantGroup;
			children = (
				00CE03C72ADFD147008268AF /* Base */,
			);
			name = LaunchScreen.storyboard;
			sourceTree = "<group>";
		};
/* End PBXVariantGroup section */

/* Begin XCBuildConfiguration section */
		00CE03CA2ADFD147008268AF /* Debug */ = {
			isa = XCBuildConfiguration;
			buildSettings = {
				ALWAYS_SEARCH_USER_PATHS = NO;
				CLANG_ANALYZER_NONNULL = YES;
				CLANG_ANALYZER_NUMBER_OBJECT_CONVERSION = YES_AGGRESSIVE;
				CLANG_CXX_LANGUAGE_STANDARD = "gnu++20";
				CLANG_ENABLE_MODULES = YES;
				CLANG_ENABLE_OBJC_ARC = YES;
				CLANG_ENABLE_OBJC_WEAK = YES;
				CLANG_WARN_BLOCK_CAPTURE_AUTORELEASING = YES;
				CLANG_WARN_BOOL_CONVERSION = YES;
				CLANG_WARN_COMMA = YES;
				CLANG_WARN_CONSTANT_CONVERSION = YES;
				CLANG_WARN_DEPRECATED_OBJC_IMPLEMENTATIONS = YES;
				CLANG_WARN_DIRECT_OBJC_ISA_USAGE = YES_ERROR;
				CLANG_WARN_DOCUMENTATION_COMMENTS = YES;
				CLANG_WARN_EMPTY_BODY = YES;
				CLANG_WARN_ENUM_CONVERSION = YES;
				CLANG_WARN_INFINITE_RECURSION = YES;
				CLANG_WARN_INT_CONVERSION = YES;
				CLANG_WARN_NON_LITERAL_NULL_CONVERSION = YES;
				CLANG_WARN_OBJC_IMPLICIT_RETAIN_SELF = YES;
				CLANG_WARN_OBJC_LITERAL_CONVERSION = YES;
				CLANG_WARN_OBJC_ROOT_CLASS = YES_ERROR;
				CLANG_WARN_QUOTED_INCLUDE_IN_FRAMEWORK_HEADER = YES;
				CLANG_WARN_RANGE_LOOP_ANALYSIS = YES;
				CLANG_WARN_STRICT_PROTOTYPES = YES;
				CLANG_WARN_SUSPICIOUS_MOVE = YES;
				CLANG_WARN_UNGUARDED_AVAILABILITY = YES_AGGRESSIVE;
				CLANG_WARN_UNREACHABLE_CODE = YES;
				CLANG_WARN__DUPLICATE_METHOD_MATCH = YES;
				COPY_PHASE_STRIP = NO;
				DEBUG_INFORMATION_FORMAT = dwarf;
				ENABLE_STRICT_OBJC_MSGSEND = YES;
				ENABLE_TESTABILITY = YES;
				GCC_C_LANGUAGE_STANDARD = gnu11;
				GCC_DYNAMIC_NO_PIC = NO;
				GCC_NO_COMMON_BLOCKS = YES;
				GCC_OPTIMIZATION_LEVEL = 0;
				GCC_PREPROCESSOR_DEFINITIONS = (
					"DEBUG=1",
					"$(inherited)",
				);
				GCC_WARN_64_TO_32_BIT_CONVERSION = YES;
				GCC_WARN_ABOUT_RETURN_TYPE = YES_ERROR;
				GCC_WARN_UNDECLARED_SELECTOR = YES;
				GCC_WARN_UNINITIALIZED_AUTOS = YES_AGGRESSIVE;
				GCC_WARN_UNUSED_FUNCTION = YES;
				GCC_WARN_UNUSED_VARIABLE = YES;
				IPHONEOS_DEPLOYMENT_TARGET = 16.4;
				MTL_ENABLE_DEBUG_INFO = INCLUDE_SOURCE;
				MTL_FAST_MATH = YES;
				ONLY_ACTIVE_ARCH = YES;
				SDKROOT = iphoneos;
				SWIFT_ACTIVE_COMPILATION_CONDITIONS = DEBUG;
				SWIFT_OPTIMIZATION_LEVEL = "-Onone";
			};
			name = Debug;
		};
		00CE03CB2ADFD147008268AF /* Release */ = {
			isa = XCBuildConfiguration;
			buildSettings = {
				ALWAYS_SEARCH_USER_PATHS = NO;
				CLANG_ANALYZER_NONNULL = YES;
				CLANG_ANALYZER_NUMBER_OBJECT_CONVERSION = YES_AGGRESSIVE;
				CLANG_CXX_LANGUAGE_STANDARD = "gnu++20";
				CLANG_ENABLE_MODULES = YES;
				CLANG_ENABLE_OBJC_ARC = YES;
				CLANG_ENABLE_OBJC_WEAK = YES;
				CLANG_WARN_BLOCK_CAPTURE_AUTORELEASING = YES;
				CLANG_WARN_BOOL_CONVERSION = YES;
				CLANG_WARN_COMMA = YES;
				CLANG_WARN_CONSTANT_CONVERSION = YES;
				CLANG_WARN_DEPRECATED_OBJC_IMPLEMENTATIONS = YES;
				CLANG_WARN_DIRECT_OBJC_ISA_USAGE = YES_ERROR;
				CLANG_WARN_DOCUMENTATION_COMMENTS = YES;
				CLANG_WARN_EMPTY_BODY = YES;
				CLANG_WARN_ENUM_CONVERSION = YES;
				CLANG_WARN_INFINITE_RECURSION = YES;
				CLANG_WARN_INT_CONVERSION = YES;
				CLANG_WARN_NON_LITERAL_NULL_CONVERSION = YES;
				CLANG_WARN_OBJC_IMPLICIT_RETAIN_SELF = YES;
				CLANG_WARN_OBJC_LITERAL_CONVERSION = YES;
				CLANG_WARN_OBJC_ROOT_CLASS = YES_ERROR;
				CLANG_WARN_QUOTED_INCLUDE_IN_FRAMEWORK_HEADER = YES;
				CLANG_WARN_RANGE_LOOP_ANALYSIS = YES;
				CLANG_WARN_STRICT_PROTOTYPES = YES;
				CLANG_WARN_SUSPICIOUS_MOVE = YES;
				CLANG_WARN_UNGUARDED_AVAILABILITY = YES_AGGRESSIVE;
				CLANG_WARN_UNREACHABLE_CODE = YES;
				CLANG_WARN__DUPLICATE_METHOD_MATCH = YES;
				COPY_PHASE_STRIP = NO;
				DEBUG_INFORMATION_FORMAT = "dwarf-with-dsym";
				ENABLE_NS_ASSERTIONS = NO;
				ENABLE_STRICT_OBJC_MSGSEND = YES;
				GCC_C_LANGUAGE_STANDARD = gnu11;
				GCC_NO_COMMON_BLOCKS = YES;
				GCC_WARN_64_TO_32_BIT_CONVERSION = YES;
				GCC_WARN_ABOUT_RETURN_TYPE = YES_ERROR;
				GCC_WARN_UNDECLARED_SELECTOR = YES;
				GCC_WARN_UNINITIALIZED_AUTOS = YES_AGGRESSIVE;
				GCC_WARN_UNUSED_FUNCTION = YES;
				GCC_WARN_UNUSED_VARIABLE = YES;
				IPHONEOS_DEPLOYMENT_TARGET = 16.4;
				MTL_ENABLE_DEBUG_INFO = NO;
				MTL_FAST_MATH = YES;
				SDKROOT = iphoneos;
				SWIFT_COMPILATION_MODE = wholemodule;
				SWIFT_OPTIMIZATION_LEVEL = "-O";
				VALIDATE_PRODUCT = YES;
			};
			name = Release;
		};
		00CE03CD2ADFD147008268AF /* Debug */ = {
			isa = XCBuildConfiguration;
			buildSettings = {
				ASSETCATALOG_COMPILER_APPICON_NAME = AppIcon;
				ASSETCATALOG_COMPILER_GLOBAL_ACCENT_COLOR_NAME = AccentColor;
				CODE_SIGN_STYLE = Automatic;
				CURRENT_PROJECT_VERSION = 1;
				DEVELOPMENT_TEAM = M67BJVKLC2;
				GENERATE_INFOPLIST_FILE = YES;
				INFOPLIST_FILE = WintWealthTask/Info.plist;
				INFOPLIST_KEY_UIApplicationSupportsIndirectInputEvents = YES;
				INFOPLIST_KEY_UILaunchStoryboardName = LaunchScreen;
				INFOPLIST_KEY_UIMainStoryboardFile = Main;
				INFOPLIST_KEY_UISupportedInterfaceOrientations_iPad = "UIInterfaceOrientationPortrait UIInterfaceOrientationPortraitUpsideDown UIInterfaceOrientationLandscapeLeft UIInterfaceOrientationLandscapeRight";
				INFOPLIST_KEY_UISupportedInterfaceOrientations_iPhone = "UIInterfaceOrientationPortrait UIInterfaceOrientationLandscapeLeft UIInterfaceOrientationLandscapeRight";
				LD_RUNPATH_SEARCH_PATHS = (
					"$(inherited)",
					"@executable_path/Frameworks",
				);
				MARKETING_VERSION = 1.0;
				PRODUCT_BUNDLE_IDENTIFIER = com.jatin.WintWealthTask;
				PRODUCT_NAME = "$(TARGET_NAME)";
				SWIFT_EMIT_LOC_STRINGS = YES;
				SWIFT_VERSION = 5.0;
				TARGETED_DEVICE_FAMILY = "1,2";
			};
			name = Debug;
		};
		00CE03CE2ADFD147008268AF /* Release */ = {
			isa = XCBuildConfiguration;
			buildSettings = {
				ASSETCATALOG_COMPILER_APPICON_NAME = AppIcon;
				ASSETCATALOG_COMPILER_GLOBAL_ACCENT_COLOR_NAME = AccentColor;
				CODE_SIGN_STYLE = Automatic;
				CURRENT_PROJECT_VERSION = 1;
				DEVELOPMENT_TEAM = M67BJVKLC2;
				GENERATE_INFOPLIST_FILE = YES;
				INFOPLIST_FILE = WintWealthTask/Info.plist;
				INFOPLIST_KEY_UIApplicationSupportsIndirectInputEvents = YES;
				INFOPLIST_KEY_UILaunchStoryboardName = LaunchScreen;
				INFOPLIST_KEY_UIMainStoryboardFile = Main;
				INFOPLIST_KEY_UISupportedInterfaceOrientations_iPad = "UIInterfaceOrientationPortrait UIInterfaceOrientationPortraitUpsideDown UIInterfaceOrientationLandscapeLeft UIInterfaceOrientationLandscapeRight";
				INFOPLIST_KEY_UISupportedInterfaceOrientations_iPhone = "UIInterfaceOrientationPortrait UIInterfaceOrientationLandscapeLeft UIInterfaceOrientationLandscapeRight";
				LD_RUNPATH_SEARCH_PATHS = (
					"$(inherited)",
					"@executable_path/Frameworks",
				);
				MARKETING_VERSION = 1.0;
				PRODUCT_BUNDLE_IDENTIFIER = com.jatin.WintWealthTask;
				PRODUCT_NAME = "$(TARGET_NAME)";
				SWIFT_EMIT_LOC_STRINGS = YES;
				SWIFT_VERSION = 5.0;
				TARGETED_DEVICE_FAMILY = "1,2";
			};
			name = Release;
		};
/* End XCBuildConfiguration section */

/* Begin XCConfigurationList section */
		00CE03B32ADFD146008268AF /* Build configuration list for PBXProject "WintWealthTask" */ = {
			isa = XCConfigurationList;
			buildConfigurations = (
				00CE03CA2ADFD147008268AF /* Debug */,
				00CE03CB2ADFD147008268AF /* Release */,
			);
			defaultConfigurationIsVisible = 0;
			defaultConfigurationName = Release;
		};
		00CE03CC2ADFD147008268AF /* Build configuration list for PBXNativeTarget "WintWealthTask" */ = {
			isa = XCConfigurationList;
			buildConfigurations = (
				00CE03CD2ADFD147008268AF /* Debug */,
				00CE03CE2ADFD147008268AF /* Release */,
			);
			defaultConfigurationIsVisible = 0;
			defaultConfigurationName = Release;
		};
/* End XCConfigurationList section */
	};
	rootObject = 00CE03B02ADFD146008268AF /* Project object */;
}
